
Microsoft Visual Studio Solution File, Format Version 12.00
# Visual Studio Version 17
VisualStudioVersion = 17.7.34031.279
MinimumVisualStudioVersion = 10.0.40219.1
Project("{FAE04EC0-301F-11D3-BF4B-00C04F79EFBC}") = "DotNet6ApiDemo", "DotNet6ApiDemo\DotNet6ApiDemo.csproj", "{8D06DFE9-4D50-4E18-8E19-6BC19498E44D}"
EndProject
Global
	GlobalSection(SolutionConfigurationPlatforms) = preSolution
		Debug|Any CPU = Debug|Any CPU
		Release|Any CPU = Release|Any CPU
	EndGlobalSection
	GlobalSection(ProjectConfigurationPlatforms) = postSolution
		{8D06DFE9-4D50-4E18-8E19-6BC19498E44D}.Debug|Any CPU.ActiveCfg = Debug|Any CPU
		{8D06DFE9-4D50-4E18-8E19-6BC19498E44D}.Debug|Any CPU.Build.0 = Debug|Any CPU
		{8D06DFE9-4D50-4E18-8E19-6BC19498E44D}.Release|Any CPU.ActiveCfg = Release|Any CPU
		{8D06DFE9-4D50-4E18-8E19-6BC19498E44D}.Release|Any CPU.Build.0 = Release|Any CPU
	EndGlobalSection
	GlobalSection(SolutionProperties) = preSolution
		HideSolutionNode = FALSE
	EndGlobalSection
	GlobalSection(ExtensibilityGlobals) = postSolution
		SolutionGuid = {03A5427A-3039-40DB-8FFB-DC4624263B1E}
	EndGlobalSection
EndGlobal
